
Microsoft Visual Studio Solution File, Format Version 12.00
# Visual Studio Version 16
VisualStudioVersion = 16.0.30114.105
MinimumVisualStudioVersion = 10.0.40219.1
Project("{FAE04EC0-301F-11D3-BF4B-00C04F79EFBC}") = "Dev.Exemplos", "Dev.Exemplos\Dev.Exemplos.csproj", "{B8026E15-1CFE-4024-86FF-40B2FD119709}"
EndProject
Project("{FAE04EC0-301F-11D3-BF4B-00C04F79EFBC}") = "Dev.Extensions.Test", "Dev.Extensions.Test\Dev.Extensions.Test.csproj", "{31D37A60-15F6-4AB1-BED9-A1242D859772}"
EndProject
Project("{FAE04EC0-301F-11D3-BF4B-00C04F79EFBC}") = "Dev.Extensions", "Dev.Extensions\Dev.Extensions.csproj", "{3492AF7C-4727-46E3-AC2B-C34B41A93FDA}"
EndProject
Global
	GlobalSection(SolutionConfigurationPlatforms) = preSolution
		Debug|Any CPU = Debug|Any CPU
		Debug|x64 = Debug|x64
		Debug|x86 = Debug|x86
		Release|Any CPU = Release|Any CPU
		Release|x64 = Release|x64
		Release|x86 = Release|x86
	EndGlobalSection
	GlobalSection(SolutionProperties) = preSolution
		HideSolutionNode = FALSE
	EndGlobalSection
	GlobalSection(ProjectConfigurationPlatforms) = postSolution
		{B8026E15-1CFE-4024-86FF-40B2FD119709}.Debug|Any CPU.ActiveCfg = Debug|Any CPU
		{B8026E15-1CFE-4024-86FF-40B2FD119709}.Debug|Any CPU.Build.0 = Debug|Any CPU
		{B8026E15-1CFE-4024-86FF-40B2FD119709}.Debug|x64.ActiveCfg = Debug|Any CPU
		{B8026E15-1CFE-4024-86FF-40B2FD119709}.Debug|x64.Build.0 = Debug|Any CPU
		{B8026E15-1CFE-4024-86FF-40B2FD119709}.Debug|x86.ActiveCfg = Debug|Any CPU
		{B8026E15-1CFE-4024-86FF-40B2FD119709}.Debug|x86.Build.0 = Debug|Any CPU
		{B8026E15-1CFE-4024-86FF-40B2FD119709}.Release|Any CPU.ActiveCfg = Release|Any CPU
		{B8026E15-1CFE-4024-86FF-40B2FD119709}.Release|Any CPU.Build.0 = Release|Any CPU
		{B8026E15-1CFE-4024-86FF-40B2FD119709}.Release|x64.ActiveCfg = Release|Any CPU
		{B8026E15-1CFE-4024-86FF-40B2FD119709}.Release|x64.Build.0 = Release|Any CPU
		{B8026E15-1CFE-4024-86FF-40B2FD119709}.Release|x86.ActiveCfg = Release|Any CPU
		{B8026E15-1CFE-4024-86FF-40B2FD119709}.Release|x86.Build.0 = Release|Any CPU
		{31D37A60-15F6-4AB1-BED9-A1242D859772}.Debug|Any CPU.ActiveCfg = Debug|Any CPU
		{31D37A60-15F6-4AB1-BED9-A1242D859772}.Debug|Any CPU.Build.0 = Debug|Any CPU
		{31D37A60-15F6-4AB1-BED9-A1242D859772}.Debug|x64.ActiveCfg = Debug|Any CPU
		{31D37A60-15F6-4AB1-BED9-A1242D859772}.Debug|x64.Build.0 = Debug|Any CPU
		{31D37A60-15F6-4AB1-BED9-A1242D859772}.Debug|x86.ActiveCfg = Debug|Any CPU
		{31D37A60-15F6-4AB1-BED9-A1242D859772}.Debug|x86.Build.0 = Debug|Any CPU
		{31D37A60-15F6-4AB1-BED9-A1242D859772}.Release|Any CPU.ActiveCfg = Release|Any CPU
		{31D37A60-15F6-4AB1-BED9-A1242D859772}.Release|Any CPU.Build.0 = Release|Any CPU
		{31D37A60-15F6-4AB1-BED9-A1242D859772}.Release|x64.ActiveCfg = Release|Any CPU
		{31D37A60-15F6-4AB1-BED9-A1242D859772}.Release|x64.Build.0 = Release|Any CPU
		{31D37A60-15F6-4AB1-BED9-A1242D859772}.Release|x86.ActiveCfg = Release|Any CPU
		{31D37A60-15F6-4AB1-BED9-A1242D859772}.Release|x86.Build.0 = Release|Any CPU
		{3492AF7C-4727-46E3-AC2B-C34B41A93FDA}.Debug|Any CPU.ActiveCfg = Debug|Any CPU
		{3492AF7C-4727-46E3-AC2B-C34B41A93FDA}.Debug|Any CPU.Build.0 = Debug|Any CPU
		{3492AF7C-4727-46E3-AC2B-C34B41A93FDA}.Debug|x64.ActiveCfg = Debug|Any CPU
		{3492AF7C-4727-46E3-AC2B-C34B41A93FDA}.Debug|x64.Build.0 = Debug|Any CPU
		{3492AF7C-4727-46E3-AC2B-C34B41A93FDA}.Debug|x86.ActiveCfg = Debug|Any CPU
		{3492AF7C-4727-46E3-AC2B-C34B41A93FDA}.Debug|x86.Build.0 = Debug|Any CPU
		{3492AF7C-4727-46E3-AC2B-C34B41A93FDA}.Release|Any CPU.ActiveCfg = Release|Any CPU
		{3492AF7C-4727-46E3-AC2B-C34B41A93FDA}.Release|Any CPU.Build.0 = Release|Any CPU
		{3492AF7C-4727-46E3-AC2B-C34B41A93FDA}.Release|x64.ActiveCfg = Release|Any CPU
		{3492AF7C-4727-46E3-AC2B-C34B41A93FDA}.Release|x64.Build.0 = Release|Any CPU
		{3492AF7C-4727-46E3-AC2B-C34B41A93FDA}.Release|x86.ActiveCfg = Release|Any CPU
		{3492AF7C-4727-46E3-AC2B-C34B41A93FDA}.Release|x86.Build.0 = Release|Any CPU
	EndGlobalSection
EndGlobal
